
Microsoft Visual Studio Solution File, Format Version 12.00
# Visual Studio Version 17
VisualStudioVersion = 17.5.33414.496
MinimumVisualStudioVersion = 10.0.40219.1
Project("{FAE04EC0-301F-11D3-BF4B-00C04F79EFBC}") = "创建窗体控件库", "创建窗体控件库\创建窗体控件库.csproj", "{DA95E01F-8431-4A45-A84B-8832B65C3C12}"
EndProject
Global
	GlobalSection(SolutionConfigurationPlatforms) = preSolution
		Debug|Any CPU = Debug|Any CPU
		Release|Any CPU = Release|Any CPU
	EndGlobalSection
	GlobalSection(ProjectConfigurationPlatforms) = postSolution
		{DA95E01F-8431-4A45-A84B-8832B65C3C12}.Debug|Any CPU.ActiveCfg = Debug|Any CPU
		{DA95E01F-8431-4A45-A84B-8832B65C3C12}.Debug|Any CPU.Build.0 = Debug|Any CPU
		{DA95E01F-8431-4A45-A84B-8832B65C3C12}.Release|Any CPU.ActiveCfg = Release|Any CPU
		{DA95E01F-8431-4A45-A84B-8832B65C3C12}.Release|Any CPU.Build.0 = Release|Any CPU
	EndGlobalSection
	GlobalSection(SolutionProperties) = preSolution
		HideSolutionNode = FALSE
	EndGlobalSection
	GlobalSection(ExtensibilityGlobals) = postSolution
		SolutionGuid = {229D8BAB-DB7D-43B4-8534-6E5245E21019}
	EndGlobalSection
EndGlobal
