
Microsoft Visual Studio Solution File, Format Version 12.00
# Visual Studio Version 17
VisualStudioVersion = 17.5.33414.496
MinimumVisualStudioVersion = 10.0.40219.1
Project("{FAE04EC0-301F-11D3-BF4B-00C04F79EFBC}") = "Command命令执行对象", "Command命令执行对象\Command命令执行对象.csproj", "{CC0A0DF4-F5AB-4C72-946A-C8C5699A4BA9}"
EndProject
Global
	GlobalSection(SolutionConfigurationPlatforms) = preSolution
		Debug|Any CPU = Debug|Any CPU
		Release|Any CPU = Release|Any CPU
	EndGlobalSection
	GlobalSection(ProjectConfigurationPlatforms) = postSolution
		{CC0A0DF4-F5AB-4C72-946A-C8C5699A4BA9}.Debug|Any CPU.ActiveCfg = Debug|Any CPU
		{CC0A0DF4-F5AB-4C72-946A-C8C5699A4BA9}.Debug|Any CPU.Build.0 = Debug|Any CPU
		{CC0A0DF4-F5AB-4C72-946A-C8C5699A4BA9}.Release|Any CPU.ActiveCfg = Release|Any CPU
		{CC0A0DF4-F5AB-4C72-946A-C8C5699A4BA9}.Release|Any CPU.Build.0 = Release|Any CPU
	EndGlobalSection
	GlobalSection(SolutionProperties) = preSolution
		HideSolutionNode = FALSE
	EndGlobalSection
	GlobalSection(ExtensibilityGlobals) = postSolution
		SolutionGuid = {16D640E2-7A60-4361-BCF9-BBEAA920134C}
	EndGlobalSection
EndGlobal
