
Microsoft Visual Studio Solution File, Format Version 12.00
# Visual Studio Version 17
VisualStudioVersion = 17.5.33414.496
MinimumVisualStudioVersion = 10.0.40219.1
Project("{FAE04EC0-301F-11D3-BF4B-00C04F79EFBC}") = "不同窗体间传递数据", "不同窗体间传递数据\不同窗体间传递数据.csproj", "{560FD47E-B696-4A4D-BCC3-F3DF3B1C4463}"
EndProject
Global
	GlobalSection(SolutionConfigurationPlatforms) = preSolution
		Debug|Any CPU = Debug|Any CPU
		Release|Any CPU = Release|Any CPU
	EndGlobalSection
	GlobalSection(ProjectConfigurationPlatforms) = postSolution
		{560FD47E-B696-4A4D-BCC3-F3DF3B1C4463}.Debug|Any CPU.ActiveCfg = Debug|Any CPU
		{560FD47E-B696-4A4D-BCC3-F3DF3B1C4463}.Debug|Any CPU.Build.0 = Debug|Any CPU
		{560FD47E-B696-4A4D-BCC3-F3DF3B1C4463}.Release|Any CPU.ActiveCfg = Release|Any CPU
		{560FD47E-B696-4A4D-BCC3-F3DF3B1C4463}.Release|Any CPU.Build.0 = Release|Any CPU
	EndGlobalSection
	GlobalSection(SolutionProperties) = preSolution
		HideSolutionNode = FALSE
	EndGlobalSection
	GlobalSection(ExtensibilityGlobals) = postSolution
		SolutionGuid = {F0A1FEBD-290A-4808-9995-02F8AA60A210}
	EndGlobalSection
EndGlobal
