
Microsoft Visual Studio Solution File, Format Version 12.00
# Visual Studio Version 17
VisualStudioVersion = 17.4.33213.308
MinimumVisualStudioVersion = 10.0.40219.1
Project("{FAE04EC0-301F-11D3-BF4B-00C04F79EFBC}") = "字符串加解密", "字符串加解密\字符串加解密.csproj", "{25C13507-B9CD-4FFF-811D-C0E7D78EB45F}"
EndProject
Global
	GlobalSection(SolutionConfigurationPlatforms) = preSolution
		Debug|Any CPU = Debug|Any CPU
		Release|Any CPU = Release|Any CPU
	EndGlobalSection
	GlobalSection(ProjectConfigurationPlatforms) = postSolution
		{25C13507-B9CD-4FFF-811D-C0E7D78EB45F}.Debug|Any CPU.ActiveCfg = Debug|Any CPU
		{25C13507-B9CD-4FFF-811D-C0E7D78EB45F}.Debug|Any CPU.Build.0 = Debug|Any CPU
		{25C13507-B9CD-4FFF-811D-C0E7D78EB45F}.Release|Any CPU.ActiveCfg = Release|Any CPU
		{25C13507-B9CD-4FFF-811D-C0E7D78EB45F}.Release|Any CPU.Build.0 = Release|Any CPU
	EndGlobalSection
	GlobalSection(SolutionProperties) = preSolution
		HideSolutionNode = FALSE
	EndGlobalSection
	GlobalSection(ExtensibilityGlobals) = postSolution
		SolutionGuid = {5C4E43AA-D77F-4509-8076-5C80EFE2625C}
	EndGlobalSection
EndGlobal
