
Microsoft Visual Studio Solution File, Format Version 12.00
# Visual Studio Version 17
VisualStudioVersion = 17.5.33516.290
MinimumVisualStudioVersion = 10.0.40219.1
Project("{FAE04EC0-301F-11D3-BF4B-00C04F79EFBC}") = "生成和识别二维码", "生成和识别二维码\生成和识别二维码.csproj", "{048288E1-FA09-4322-8A22-F047277BB073}"
EndProject
Global
	GlobalSection(SolutionConfigurationPlatforms) = preSolution
		Debug|Any CPU = Debug|Any CPU
		Release|Any CPU = Release|Any CPU
	EndGlobalSection
	GlobalSection(ProjectConfigurationPlatforms) = postSolution
		{048288E1-FA09-4322-8A22-F047277BB073}.Debug|Any CPU.ActiveCfg = Debug|Any CPU
		{048288E1-FA09-4322-8A22-F047277BB073}.Debug|Any CPU.Build.0 = Debug|Any CPU
		{048288E1-FA09-4322-8A22-F047277BB073}.Release|Any CPU.ActiveCfg = Release|Any CPU
		{048288E1-FA09-4322-8A22-F047277BB073}.Release|Any CPU.Build.0 = Release|Any CPU
	EndGlobalSection
	GlobalSection(SolutionProperties) = preSolution
		HideSolutionNode = FALSE
	EndGlobalSection
	GlobalSection(ExtensibilityGlobals) = postSolution
		SolutionGuid = {F4192DD1-15A5-473E-9269-97716BA9424B}
	EndGlobalSection
EndGlobal
