
Microsoft Visual Studio Solution File, Format Version 12.00
# Visual Studio Version 17
VisualStudioVersion = 17.5.33516.290
MinimumVisualStudioVersion = 10.0.40219.1
Project("{FAE04EC0-301F-11D3-BF4B-00C04F79EFBC}") = "启动和结束进程", "启动和结束进程\启动和结束进程.csproj", "{6269CEC5-4AD4-4402-BF2A-D6AE0ED5D647}"
EndProject
Global
	GlobalSection(SolutionConfigurationPlatforms) = preSolution
		Debug|Any CPU = Debug|Any CPU
		Release|Any CPU = Release|Any CPU
	EndGlobalSection
	GlobalSection(ProjectConfigurationPlatforms) = postSolution
		{6269CEC5-4AD4-4402-BF2A-D6AE0ED5D647}.Debug|Any CPU.ActiveCfg = Debug|Any CPU
		{6269CEC5-4AD4-4402-BF2A-D6AE0ED5D647}.Debug|Any CPU.Build.0 = Debug|Any CPU
		{6269CEC5-4AD4-4402-BF2A-D6AE0ED5D647}.Release|Any CPU.ActiveCfg = Release|Any CPU
		{6269CEC5-4AD4-4402-BF2A-D6AE0ED5D647}.Release|Any CPU.Build.0 = Release|Any CPU
	EndGlobalSection
	GlobalSection(SolutionProperties) = preSolution
		HideSolutionNode = FALSE
	EndGlobalSection
	GlobalSection(ExtensibilityGlobals) = postSolution
		SolutionGuid = {BA758093-67F2-4315-A00A-1F19FF6B59AA}
	EndGlobalSection
EndGlobal
