
Microsoft Visual Studio Solution File, Format Version 12.00
# Visual Studio Version 17
VisualStudioVersion = 17.5.33516.290
MinimumVisualStudioVersion = 10.0.40219.1
Project("{FAE04EC0-301F-11D3-BF4B-00C04F79EFBC}") = "编写带参数的程序", "编写带参数的程序\编写带参数的程序.csproj", "{EF510BDA-1D63-4DFB-AA69-27C8E90123D3}"
EndProject
Global
	GlobalSection(SolutionConfigurationPlatforms) = preSolution
		Debug|Any CPU = Debug|Any CPU
		Release|Any CPU = Release|Any CPU
	EndGlobalSection
	GlobalSection(ProjectConfigurationPlatforms) = postSolution
		{EF510BDA-1D63-4DFB-AA69-27C8E90123D3}.Debug|Any CPU.ActiveCfg = Debug|Any CPU
		{EF510BDA-1D63-4DFB-AA69-27C8E90123D3}.Debug|Any CPU.Build.0 = Debug|Any CPU
		{EF510BDA-1D63-4DFB-AA69-27C8E90123D3}.Release|Any CPU.ActiveCfg = Release|Any CPU
		{EF510BDA-1D63-4DFB-AA69-27C8E90123D3}.Release|Any CPU.Build.0 = Release|Any CPU
	EndGlobalSection
	GlobalSection(SolutionProperties) = preSolution
		HideSolutionNode = FALSE
	EndGlobalSection
	GlobalSection(ExtensibilityGlobals) = postSolution
		SolutionGuid = {7313516D-BEBF-43F2-B830-883870BA8005}
	EndGlobalSection
EndGlobal
