
Microsoft Visual Studio Solution File, Format Version 12.00
# Visual Studio Version 17
VisualStudioVersion = 17.5.33414.496
MinimumVisualStudioVersion = 10.0.40219.1
Project("{FAE04EC0-301F-11D3-BF4B-00C04F79EFBC}") = "把数据读取到表中", "把数据读取到表中\把数据读取到表中.csproj", "{38AE668E-596B-4EC7-BD6F-5C3399E236C5}"
EndProject
Global
	GlobalSection(SolutionConfigurationPlatforms) = preSolution
		Debug|Any CPU = Debug|Any CPU
		Release|Any CPU = Release|Any CPU
	EndGlobalSection
	GlobalSection(ProjectConfigurationPlatforms) = postSolution
		{38AE668E-596B-4EC7-BD6F-5C3399E236C5}.Debug|Any CPU.ActiveCfg = Debug|Any CPU
		{38AE668E-596B-4EC7-BD6F-5C3399E236C5}.Debug|Any CPU.Build.0 = Debug|Any CPU
		{38AE668E-596B-4EC7-BD6F-5C3399E236C5}.Release|Any CPU.ActiveCfg = Release|Any CPU
		{38AE668E-596B-4EC7-BD6F-5C3399E236C5}.Release|Any CPU.Build.0 = Release|Any CPU
	EndGlobalSection
	GlobalSection(SolutionProperties) = preSolution
		HideSolutionNode = FALSE
	EndGlobalSection
	GlobalSection(ExtensibilityGlobals) = postSolution
		SolutionGuid = {19E54382-7C38-497D-8FC1-2A314FB5E3B8}
	EndGlobalSection
EndGlobal
