
Microsoft Visual Studio Solution File, Format Version 12.00
# Visual Studio Version 17
VisualStudioVersion = 17.5.33516.290
MinimumVisualStudioVersion = 10.0.40219.1
Project("{FAE04EC0-301F-11D3-BF4B-00C04F79EFBC}") = "被嵌入的程序", "运行嵌入程序中的exe文件\被嵌入的程序.csproj", "{2190B8D9-0E96-47CA-9720-B327099C2F76}"
EndProject
Project("{FAE04EC0-301F-11D3-BF4B-00C04F79EFBC}") = "运行嵌入的程序", "运行嵌入的程序\运行嵌入的程序.csproj", "{2091317D-BF5C-4E7F-9332-E1E1F3088CCD}"
EndProject
Global
	GlobalSection(SolutionConfigurationPlatforms) = preSolution
		Debug|Any CPU = Debug|Any CPU
		Release|Any CPU = Release|Any CPU
	EndGlobalSection
	GlobalSection(ProjectConfigurationPlatforms) = postSolution
		{2190B8D9-0E96-47CA-9720-B327099C2F76}.Debug|Any CPU.ActiveCfg = Debug|Any CPU
		{2190B8D9-0E96-47CA-9720-B327099C2F76}.Debug|Any CPU.Build.0 = Debug|Any CPU
		{2190B8D9-0E96-47CA-9720-B327099C2F76}.Release|Any CPU.ActiveCfg = Release|Any CPU
		{2190B8D9-0E96-47CA-9720-B327099C2F76}.Release|Any CPU.Build.0 = Release|Any CPU
		{2091317D-BF5C-4E7F-9332-E1E1F3088CCD}.Debug|Any CPU.ActiveCfg = Debug|Any CPU
		{2091317D-BF5C-4E7F-9332-E1E1F3088CCD}.Debug|Any CPU.Build.0 = Debug|Any CPU
		{2091317D-BF5C-4E7F-9332-E1E1F3088CCD}.Release|Any CPU.ActiveCfg = Release|Any CPU
		{2091317D-BF5C-4E7F-9332-E1E1F3088CCD}.Release|Any CPU.Build.0 = Release|Any CPU
	EndGlobalSection
	GlobalSection(SolutionProperties) = preSolution
		HideSolutionNode = FALSE
	EndGlobalSection
	GlobalSection(ExtensibilityGlobals) = postSolution
		SolutionGuid = {FB80003F-2598-425F-8B51-118ED0189186}
	EndGlobalSection
EndGlobal
